// !$*UTF8*$!
{
	archiveVersion = 1;
	classes = {
	};
	objectVersion = 50;
	objects = {

/* Begin PBXFileReference section */
		252340482646C3ED000336E2 /* QuickSort.playground */ = {isa = PBXFileReference; lastKnownFileType = file.playground; path = QuickSort.playground; sourceTree = "<group>"; xcLanguageSpecificationIdentifier = xcode.lang.swift; };
		254EB45E26456AE900FA895D /* SelectionSort.playground */ = {isa = PBXFileReference; lastKnownFileType = file.playground; path = SelectionSort.playground; sourceTree = "<group>"; xcLanguageSpecificationIdentifier = xcode.lang.swift; };
		254EB45F26458CE000FA895D /* InsertionSort.playground */ = {isa = PBXFileReference; lastKnownFileType = file.playground; path = InsertionSort.playground; sourceTree = "<group>"; xcLanguageSpecificationIdentifier = xcode.lang.swift; };
		254EB4602645AC1500FA895D /* MergeSort.playground */ = {isa = PBXFileReference; lastKnownFileType = file.playground; path = MergeSort.playground; sourceTree = "<group>"; xcLanguageSpecificationIdentifier = xcode.lang.swift; };
		257586D3264420D100891C21 /* ReverseString.playground */ = {isa = PBXFileReference; lastKnownFileType = file.playground; path = ReverseString.playground; sourceTree = "<group>"; xcLanguageSpecificationIdentifier = xcode.lang.swift; };
		25B6D2432643071C00D05AB5 /* Factorial.playground */ = {isa = PBXFileReference; lastKnownFileType = file.playground; path = Factorial.playground; sourceTree = "<group>"; xcLanguageSpecificationIdentifier = xcode.lang.swift; };
		25B6D24426430D0D00D05AB5 /* Fibonacci.playground */ = {isa = PBXFileReference; lastKnownFileType = file.playground; path = Fibonacci.playground; sourceTree = "<group>"; xcLanguageSpecificationIdentifier = xcode.lang.swift; };
		25FDB404264544C800ACDC40 /* BubbleSort.playground */ = {isa = PBXFileReference; lastKnownFileType = file.playground; path = BubbleSort.playground; sourceTree = "<group>"; xcLanguageSpecificationIdentifier = xcode.lang.swift; };
/* End PBXFileReference section */

/* Begin PBXGroup section */
		25B6D23C2643070800D05AB5 = {
			isa = PBXGroup;
			children = (
				25FDB4032645449700ACDC40 /* Sorting */,
				25FDB4022645446600ACDC40 /* Functions */,
			);
			sourceTree = "<group>";
		};
		25FDB4022645446600ACDC40 /* Functions */ = {
			isa = PBXGroup;
			children = (
				257586D3264420D100891C21 /* ReverseString.playground */,
				25B6D24426430D0D00D05AB5 /* Fibonacci.playground */,
				25B6D2432643071C00D05AB5 /* Factorial.playground */,
			);
			path = Functions;
			sourceTree = "<group>";
		};
		25FDB4032645449700ACDC40 /* Sorting */ = {
			isa = PBXGroup;
			children = (
				25FDB404264544C800ACDC40 /* BubbleSort.playground */,
				254EB45E26456AE900FA895D /* SelectionSort.playground */,
				254EB45F26458CE000FA895D /* InsertionSort.playground */,
				254EB4602645AC1500FA895D /* MergeSort.playground */,
				252340482646C3ED000336E2 /* QuickSort.playground */,
			);
			path = Sorting;
			sourceTree = "<group>";
		};
/* End PBXGroup section */

/* Begin PBXProject section */
		25B6D23D2643070800D05AB5 /* Project object */ = {
			isa = PBXProject;
			attributes = {
				LastUpgradeCheck = 1250;
			};
			buildConfigurationList = 25B6D2402643070800D05AB5 /* Build configuration list for PBXProject "algorithms-in-swift" */;
			compatibilityVersion = "Xcode 9.3";
			developmentRegion = en;
			hasScannedForEncodings = 0;
			knownRegions = (
				en,
				Base,
			);
			mainGroup = 25B6D23C2643070800D05AB5;
			projectDirPath = "";
			projectRoot = "";
			targets = (
			);
		};
/* End PBXProject section */

/* Begin XCBuildConfiguration section */
		25B6D2412643070800D05AB5 /* Debug */ = {
			isa = XCBuildConfiguration;
			buildSettings = {
			};
			name = Debug;
		};
		25B6D2422643070800D05AB5 /* Release */ = {
			isa = XCBuildConfiguration;
			buildSettings = {
			};
			name = Release;
		};
/* End XCBuildConfiguration section */

/* Begin XCConfigurationList section */
		25B6D2402643070800D05AB5 /* Build configuration list for PBXProject "algorithms-in-swift" */ = {
			isa = XCConfigurationList;
			buildConfigurations = (
				25B6D2412643070800D05AB5 /* Debug */,
				25B6D2422643070800D05AB5 /* Release */,
			);
			defaultConfigurationIsVisible = 0;
			defaultConfigurationName = Release;
		};
/* End XCConfigurationList section */
	};
	rootObject = 25B6D23D2643070800D05AB5 /* Project object */;
}
