// !$*UTF8*$!
{
	archiveVersion = 1;
	classes = {
	};
	objectVersion = 50;
	objects = {

/* Begin PBXFileReference section */
		25B6D2432643071C00D05AB5 /* Factorial.playground */ = {isa = PBXFileReference; lastKnownFileType = file.playground; path = Factorial.playground; sourceTree = "<group>"; xcLanguageSpecificationIdentifier = xcode.lang.swift; };
		25B6D24426430D0D00D05AB5 /* Fibonacci.playground */ = {isa = PBXFileReference; lastKnownFileType = file.playground; path = Fibonacci.playground; sourceTree = "<group>"; xcLanguageSpecificationIdentifier = xcode.lang.swift; };
/* End PBXFileReference section */

/* Begin PBXGroup section */
		25B6D23C2643070800D05AB5 = {
			isa = PBXGroup;
			children = (
				25B6D24426430D0D00D05AB5 /* Fibonacci.playground */,
				25B6D2432643071C00D05AB5 /* Factorial.playground */,
			);
			sourceTree = "<group>";
		};
/* End PBXGroup section */

/* Begin PBXProject section */
		25B6D23D2643070800D05AB5 /* Project object */ = {
			isa = PBXProject;
			attributes = {
				LastUpgradeCheck = 1250;
			};
			buildConfigurationList = 25B6D2402643070800D05AB5 /* Build configuration list for PBXProject "algorithms-in-swift" */;
			compatibilityVersion = "Xcode 9.3";
			developmentRegion = en;
			hasScannedForEncodings = 0;
			knownRegions = (
				en,
				Base,
			);
			mainGroup = 25B6D23C2643070800D05AB5;
			projectDirPath = "";
			projectRoot = "";
			targets = (
			);
		};
/* End PBXProject section */

/* Begin XCBuildConfiguration section */
		25B6D2412643070800D05AB5 /* Debug */ = {
			isa = XCBuildConfiguration;
			buildSettings = {
			};
			name = Debug;
		};
		25B6D2422643070800D05AB5 /* Release */ = {
			isa = XCBuildConfiguration;
			buildSettings = {
			};
			name = Release;
		};
/* End XCBuildConfiguration section */

/* Begin XCConfigurationList section */
		25B6D2402643070800D05AB5 /* Build configuration list for PBXProject "algorithms-in-swift" */ = {
			isa = XCConfigurationList;
			buildConfigurations = (
				25B6D2412643070800D05AB5 /* Debug */,
				25B6D2422643070800D05AB5 /* Release */,
			);
			defaultConfigurationIsVisible = 0;
			defaultConfigurationName = Release;
		};
/* End XCConfigurationList section */
	};
	rootObject = 25B6D23D2643070800D05AB5 /* Project object */;
}
